// !$*UTF8*$!
{
	archiveVersion = 1;
	classes = {
	};
	objectVersion = 46;
	objects = {

/* Begin PBXBuildFile section */
		230B72B74A0B4025D202E972 /* Pods_JsonAndStoreData.framework in Frameworks */ = {isa = PBXBuildFile; fileRef = AF32614D3B2204A6B14B994A /* Pods_JsonAndStoreData.framework */; };
		98FDF3BE1F69F614000DADF1 /* AppDelegate.swift in Sources */ = {isa = PBXBuildFile; fileRef = 98FDF3BD1F69F614000DADF1 /* AppDelegate.swift */; };
		98FDF3C01F69F614000DADF1 /* ViewController.swift in Sources */ = {isa = PBXBuildFile; fileRef = 98FDF3BF1F69F614000DADF1 /* ViewController.swift */; };
		98FDF3C31F69F614000DADF1 /* Main.storyboard in Resources */ = {isa = PBXBuildFile; fileRef = 98FDF3C11F69F614000DADF1 /* Main.storyboard */; };
		98FDF3C51F69F614000DADF1 /* Assets.xcassets in Resources */ = {isa = PBXBuildFile; fileRef = 98FDF3C41F69F614000DADF1 /* Assets.xcassets */; };
		98FDF3C81F69F614000DADF1 /* LaunchScreen.storyboard in Resources */ = {isa = PBXBuildFile; fileRef = 98FDF3C61F69F614000DADF1 /* LaunchScreen.storyboard */; };
/* End PBXBuildFile section */

/* Begin PBXFileReference section */
		819C460594C9FDCA01BC6807 /* Pods-JsonAndStoreData.debug.xcconfig */ = {isa = PBXFileReference; includeInIndex = 1; lastKnownFileType = text.xcconfig; name = "Pods-JsonAndStoreData.debug.xcconfig"; path = "Pods/Target Support Files/Pods-JsonAndStoreData/Pods-JsonAndStoreData.debug.xcconfig"; sourceTree = "<group>"; };
		98FDF3BA1F69F614000DADF1 /* JsonAndStoreData.app */ = {isa = PBXFileReference; explicitFileType = wrapper.application; includeInIndex = 0; path = JsonAndStoreData.app; sourceTree = BUILT_PRODUCTS_DIR; };
		98FDF3BD1F69F614000DADF1 /* AppDelegate.swift */ = {isa = PBXFileReference; lastKnownFileType = sourcecode.swift; path = AppDelegate.swift; sourceTree = "<group>"; };
		98FDF3BF1F69F614000DADF1 /* ViewController.swift */ = {isa = PBXFileReference; lastKnownFileType = sourcecode.swift; path = ViewController.swift; sourceTree = "<group>"; };
		98FDF3C21F69F614000DADF1 /* Base */ = {isa = PBXFileReference; lastKnownFileType = file.storyboard; name = Base; path = Base.lproj/Main.storyboard; sourceTree = "<group>"; };
		98FDF3C41F69F614000DADF1 /* Assets.xcassets */ = {isa = PBXFileReference; lastKnownFileType = folder.assetcatalog; path = Assets.xcassets; sourceTree = "<group>"; };
		98FDF3C71F69F614000DADF1 /* Base */ = {isa = PBXFileReference; lastKnownFileType = file.storyboard; name = Base; path = Base.lproj/LaunchScreen.storyboard; sourceTree = "<group>"; };
		98FDF3C91F69F614000DADF1 /* Info.plist */ = {isa = PBXFileReference; lastKnownFileType = text.plist.xml; path = Info.plist; sourceTree = "<group>"; };
		AF32614D3B2204A6B14B994A /* Pods_JsonAndStoreData.framework */ = {isa = PBXFileReference; explicitFileType = wrapper.framework; includeInIndex = 0; path = Pods_JsonAndStoreData.framework; sourceTree = BUILT_PRODUCTS_DIR; };
		CA91D6141A4076907DB50E69 /* Pods-JsonAndStoreData.release.xcconfig */ = {isa = PBXFileReference; includeInIndex = 1; lastKnownFileType = text.xcconfig; name = "Pods-JsonAndStoreData.release.xcconfig"; path = "Pods/Target Support Files/Pods-JsonAndStoreData/Pods-JsonAndStoreData.release.xcconfig"; sourceTree = "<group>"; };
/* End PBXFileReference section */

/* Begin PBXFrameworksBuildPhase section */
		98FDF3B71F69F614000DADF1 /* Frameworks */ = {
			isa = PBXFrameworksBuildPhase;
			buildActionMask = 2147483647;
			files = (
				230B72B74A0B4025D202E972 /* Pods_JsonAndStoreData.framework in Frameworks */,
			);
			runOnlyForDeploymentPostprocessing = 0;
		};
/* End PBXFrameworksBuildPhase section */

/* Begin PBXGroup section */
		07AB80010AF062F86B0E2824 /* Frameworks */ = {
			isa = PBXGroup;
			children = (
				AF32614D3B2204A6B14B994A /* Pods_JsonAndStoreData.framework */,
			);
			name = Frameworks;
			sourceTree = "<group>";
		};
		34134F7A7A604F00ED610B29 /* Pods */ = {
			isa = PBXGroup;
			children = (
				819C460594C9FDCA01BC6807 /* Pods-JsonAndStoreData.debug.xcconfig */,
				CA91D6141A4076907DB50E69 /* Pods-JsonAndStoreData.release.xcconfig */,
			);
			name = Pods;
			sourceTree = "<group>";
		};
		98FDF3B11F69F614000DADF1 = {
			isa = PBXGroup;
			children = (
				98FDF3BC1F69F614000DADF1 /* JsonAndStoreData */,
				98FDF3BB1F69F614000DADF1 /* Products */,
				34134F7A7A604F00ED610B29 /* Pods */,
				07AB80010AF062F86B0E2824 /* Frameworks */,
			);
			sourceTree = "<group>";
		};
		98FDF3BB1F69F614000DADF1 /* Products */ = {
			isa = PBXGroup;
			children = (
				98FDF3BA1F69F614000DADF1 /* JsonAndStoreData.app */,
			);
			name = Products;
			sourceTree = "<group>";
		};
		98FDF3BC1F69F614000DADF1 /* JsonAndStoreData */ = {
			isa = PBXGroup;
			children = (
				98FDF3BD1F69F614000DADF1 /* AppDelegate.swift */,
				98FDF3BF1F69F614000DADF1 /* ViewController.swift */,
				98FDF3C11F69F614000DADF1 /* Main.storyboard */,
				98FDF3C41F69F614000DADF1 /* Assets.xcassets */,
				98FDF3C61F69F614000DADF1 /* LaunchScreen.storyboard */,
				98FDF3C91F69F614000DADF1 /* Info.plist */,
			);
			path = JsonAndStoreData;
			sourceTree = "<group>";
		};
/* End PBXGroup section */

/* Begin PBXNativeTarget section */
		98FDF3B91F69F614000DADF1 /* JsonAndStoreData */ = {
			isa = PBXNativeTarget;
			buildConfigurationList = 98FDF3CC1F69F614000DADF1 /* Build configuration list for PBXNativeTarget "JsonAndStoreData" */;
			buildPhases = (
				821D2AB8CA6E9619AC59616B /* [CP] Check Pods Manifest.lock */,
				98FDF3B61F69F614000DADF1 /* Sources */,
				98FDF3B71F69F614000DADF1 /* Frameworks */,
				98FDF3B81F69F614000DADF1 /* Resources */,
				4A2D18CFD9FFDF49807F931E /* [CP] Embed Pods Frameworks */,
				992DCB71BE4919BEAF7D426F /* [CP] Copy Pods Resources */,
			);
			buildRules = (
			);
			dependencies = (
			);
			name = JsonAndStoreData;
			productName = JsonAndStoreData;
			productReference = 98FDF3BA1F69F614000DADF1 /* JsonAndStoreData.app */;
			productType = "com.apple.product-type.application";
		};
/* End PBXNativeTarget section */

/* Begin PBXProject section */
		98FDF3B21F69F614000DADF1 /* Project object */ = {
			isa = PBXProject;
			attributes = {
				LastSwiftUpdateCheck = 0830;
				LastUpgradeCheck = 0830;
				ORGANIZATIONNAME = "Thiago Lovatine";
				TargetAttributes = {
					98FDF3B91F69F614000DADF1 = {
						CreatedOnToolsVersion = 8.3.3;
						DevelopmentTeam = SE2J8FMNA2;
						ProvisioningStyle = Automatic;
					};
				};
			};
			buildConfigurationList = 98FDF3B51F69F614000DADF1 /* Build configuration list for PBXProject "JsonAndStoreData" */;
			compatibilityVersion = "Xcode 3.2";
			developmentRegion = English;
			hasScannedForEncodings = 0;
			knownRegions = (
				en,
				Base,
			);
			mainGroup = 98FDF3B11F69F614000DADF1;
			productRefGroup = 98FDF3BB1F69F614000DADF1 /* Products */;
			projectDirPath = "";
			projectRoot = "";
			targets = (
				98FDF3B91F69F614000DADF1 /* JsonAndStoreData */,
			);
		};
/* End PBXProject section */

/* Begin PBXResourcesBuildPhase section */
		98FDF3B81F69F614000DADF1 /* Resources */ = {
			isa = PBXResourcesBuildPhase;
			buildActionMask = 2147483647;
			files = (
				98FDF3C81F69F614000DADF1 /* LaunchScreen.storyboard in Resources */,
				98FDF3C51F69F614000DADF1 /* Assets.xcassets in Resources */,
				98FDF3C31F69F614000DADF1 /* Main.storyboard in Resources */,
			);
			runOnlyForDeploymentPostprocessing = 0;
		};
/* End PBXResourcesBuildPhase section */

/* Begin PBXShellScriptBuildPhase section */
		4A2D18CFD9FFDF49807F931E /* [CP] Embed Pods Frameworks */ = {
			isa = PBXShellScriptBuildPhase;
			buildActionMask = 2147483647;
			files = (
			);
			inputPaths = (
				"${SRCROOT}/Pods/Target Support Files/Pods-JsonAndStoreData/Pods-JsonAndStoreData-frameworks.sh",
				"${BUILT_PRODUCTS_DIR}/SwiftyJSON/SwiftyJSON.framework",
			);
			name = "[CP] Embed Pods Frameworks";
			outputPaths = (
				"${TARGET_BUILD_DIR}/${FRAMEWORKS_FOLDER_PATH}/SwiftyJSON.framework",
			);
			runOnlyForDeploymentPostprocessing = 0;
			shellPath = /bin/sh;
			shellScript = "\"${SRCROOT}/Pods/Target Support Files/Pods-JsonAndStoreData/Pods-JsonAndStoreData-frameworks.sh\"\n";
			showEnvVarsInLog = 0;
		};
		821D2AB8CA6E9619AC59616B /* [CP] Check Pods Manifest.lock */ = {
			isa = PBXShellScriptBuildPhase;
			buildActionMask = 2147483647;
			files = (
			);
			inputPaths = (
				"${PODS_PODFILE_DIR_PATH}/Podfile.lock",
				"${PODS_ROOT}/Manifest.lock",
			);
			name = "[CP] Check Pods Manifest.lock";
			outputPaths = (
				"$(DERIVED_FILE_DIR)/Pods-JsonAndStoreData-checkManifestLockResult.txt",
			);
			runOnlyForDeploymentPostprocessing = 0;
			shellPath = /bin/sh;
			shellScript = "diff \"${PODS_PODFILE_DIR_PATH}/Podfile.lock\" \"${PODS_ROOT}/Manifest.lock\" > /dev/null\nif [ $? != 0 ] ; then\n    # print error to STDERR\n    echo \"error: The sandbox is not in sync with the Podfile.lock. Run 'pod install' or update your CocoaPods installation.\" >&2\n    exit 1\nfi\n# This output is used by Xcode 'outputs' to avoid re-running this script phase.\necho \"SUCCESS\" > \"${SCRIPT_OUTPUT_FILE_0}\"\n";
			showEnvVarsInLog = 0;
		};
		992DCB71BE4919BEAF7D426F /* [CP] Copy Pods Resources */ = {
			isa = PBXShellScriptBuildPhase;
			buildActionMask = 2147483647;
			files = (
			);
			inputPaths = (
			);
			name = "[CP] Copy Pods Resources";
			outputPaths = (
			);
			runOnlyForDeploymentPostprocessing = 0;
			shellPath = /bin/sh;
			shellScript = "\"${SRCROOT}/Pods/Target Support Files/Pods-JsonAndStoreData/Pods-JsonAndStoreData-resources.sh\"\n";
			showEnvVarsInLog = 0;
		};
/* End PBXShellScriptBuildPhase section */

/* Begin PBXSourcesBuildPhase section */
		98FDF3B61F69F614000DADF1 /* Sources */ = {
			isa = PBXSourcesBuildPhase;
			buildActionMask = 2147483647;
			files = (
				98FDF3C01F69F614000DADF1 /* ViewController.swift in Sources */,
				98FDF3BE1F69F614000DADF1 /* AppDelegate.swift in Sources */,
			);
			runOnlyForDeploymentPostprocessing = 0;
		};
/* End PBXSourcesBuildPhase section */

/* Begin PBXVariantGroup section */
		98FDF3C11F69F614000DADF1 /* Main.storyboard */ = {
			isa = PBXVariantGroup;
			children = (
				98FDF3C21F69F614000DADF1 /* Base */,
			);
			name = Main.storyboard;
			sourceTree = "<group>";
		};
		98FDF3C61F69F614000DADF1 /* LaunchScreen.storyboard */ = {
			isa = PBXVariantGroup;
			children = (
				98FDF3C71F69F614000DADF1 /* Base */,
			);
			name = LaunchScreen.storyboard;
			sourceTree = "<group>";
		};
/* End PBXVariantGroup section */

/* Begin XCBuildConfiguration section */
		98FDF3CA1F69F614000DADF1 /* Debug */ = {
			isa = XCBuildConfiguration;
			buildSettings = {
				ALWAYS_SEARCH_USER_PATHS = NO;
				CLANG_ANALYZER_NONNULL = YES;
				CLANG_ANALYZER_NUMBER_OBJECT_CONVERSION = YES_AGGRESSIVE;
				CLANG_CXX_LANGUAGE_STANDARD = "gnu++0x";
				CLANG_CXX_LIBRARY = "libc++";
				CLANG_ENABLE_MODULES = YES;
				CLANG_ENABLE_OBJC_ARC = YES;
				CLANG_WARN_BOOL_CONVERSION = YES;
				CLANG_WARN_CONSTANT_CONVERSION = YES;
				CLANG_WARN_DIRECT_OBJC_ISA_USAGE = YES_ERROR;
				CLANG_WARN_DOCUMENTATION_COMMENTS = YES;
				CLANG_WARN_EMPTY_BODY = YES;
				CLANG_WARN_ENUM_CONVERSION = YES;
				CLANG_WARN_INFINITE_RECURSION = YES;
				CLANG_WARN_INT_CONVERSION = YES;
				CLANG_WARN_OBJC_ROOT_CLASS = YES_ERROR;
				CLANG_WARN_SUSPICIOUS_MOVE = YES;
				CLANG_WARN_UNREACHABLE_CODE = YES;
				CLANG_WARN__DUPLICATE_METHOD_MATCH = YES;
				"CODE_SIGN_IDENTITY[sdk=iphoneos*]" = "iPhone Developer";
				COPY_PHASE_STRIP = NO;
				DEBUG_INFORMATION_FORMAT = dwarf;
				ENABLE_STRICT_OBJC_MSGSEND = YES;
				ENABLE_TESTABILITY = YES;
				GCC_C_LANGUAGE_STANDARD = gnu99;
				GCC_DYNAMIC_NO_PIC = NO;
				GCC_NO_COMMON_BLOCKS = YES;
				GCC_OPTIMIZATION_LEVEL = 0;
				GCC_PREPROCESSOR_DEFINITIONS = (
					"DEBUG=1",
					"$(inherited)",
				);
				GCC_WARN_64_TO_32_BIT_CONVERSION = YES;
				GCC_WARN_ABOUT_RETURN_TYPE = YES_ERROR;
				GCC_WARN_UNDECLARED_SELECTOR = YES;
				GCC_WARN_UNINITIALIZED_AUTOS = YES_AGGRESSIVE;
				GCC_WARN_UNUSED_FUNCTION = YES;
				GCC_WARN_UNUSED_VARIABLE = YES;
				IPHONEOS_DEPLOYMENT_TARGET = 10.3;
				MTL_ENABLE_DEBUG_INFO = YES;
				ONLY_ACTIVE_ARCH = YES;
				SDKROOT = iphoneos;
				SWIFT_ACTIVE_COMPILATION_CONDITIONS = DEBUG;
				SWIFT_OPTIMIZATION_LEVEL = "-Onone";
				TARGETED_DEVICE_FAMILY = "1,2";
			};
			name = Debug;
		};
		98FDF3CB1F69F614000DADF1 /* Release */ = {
			isa = XCBuildConfiguration;
			buildSettings = {
				ALWAYS_SEARCH_USER_PATHS = NO;
				CLANG_ANALYZER_NONNULL = YES;
				CLANG_ANALYZER_NUMBER_OBJECT_CONVERSION = YES_AGGRESSIVE;
				CLANG_CXX_LANGUAGE_STANDARD = "gnu++0x";
				CLANG_CXX_LIBRARY = "libc++";
				CLANG_ENABLE_MODULES = YES;
				CLANG_ENABLE_OBJC_ARC = YES;
				CLANG_WARN_BOOL_CONVERSION = YES;
				CLANG_WARN_CONSTANT_CONVERSION = YES;
				CLANG_WARN_DIRECT_OBJC_ISA_USAGE = YES_ERROR;
				CLANG_WARN_DOCUMENTATION_COMMENTS = YES;
				CLANG_WARN_EMPTY_BODY = YES;
				CLANG_WARN_ENUM_CONVERSION = YES;
				CLANG_WARN_INFINITE_RECURSION = YES;
				CLANG_WARN_INT_CONVERSION = YES;
				CLANG_WARN_OBJC_ROOT_CLASS = YES_ERROR;
				CLANG_WARN_SUSPICIOUS_MOVE = YES;
				CLANG_WARN_UNREACHABLE_CODE = YES;
				CLANG_WARN__DUPLICATE_METHOD_MATCH = YES;
				"CODE_SIGN_IDENTITY[sdk=iphoneos*]" = "iPhone Developer";
				COPY_PHASE_STRIP = NO;
				DEBUG_INFORMATION_FORMAT = "dwarf-with-dsym";
				ENABLE_NS_ASSERTIONS = NO;
				ENABLE_STRICT_OBJC_MSGSEND = YES;
				GCC_C_LANGUAGE_STANDARD = gnu99;
				GCC_NO_COMMON_BLOCKS = YES;
				GCC_WARN_64_TO_32_BIT_CONVERSION = YES;
				GCC_WARN_ABOUT_RETURN_TYPE = YES_ERROR;
				GCC_WARN_UNDECLARED_SELECTOR = YES;
				GCC_WARN_UNINITIALIZED_AUTOS = YES_AGGRESSIVE;
				GCC_WARN_UNUSED_FUNCTION = YES;
				GCC_WARN_UNUSED_VARIABLE = YES;
				IPHONEOS_DEPLOYMENT_TARGET = 10.3;
				MTL_ENABLE_DEBUG_INFO = NO;
				SDKROOT = iphoneos;
				SWIFT_OPTIMIZATION_LEVEL = "-Owholemodule";
				TARGETED_DEVICE_FAMILY = "1,2";
				VALIDATE_PRODUCT = YES;
			};
			name = Release;
		};
		98FDF3CD1F69F614000DADF1 /* Debug */ = {
			isa = XCBuildConfiguration;
			baseConfigurationReference = 819C460594C9FDCA01BC6807 /* Pods-JsonAndStoreData.debug.xcconfig */;
			buildSettings = {
				ASSETCATALOG_COMPILER_APPICON_NAME = AppIcon;
				DEVELOPMENT_TEAM = SE2J8FMNA2;
				INFOPLIST_FILE = JsonAndStoreData/Info.plist;
				LD_RUNPATH_SEARCH_PATHS = "$(inherited) @executable_path/Frameworks";
				PRODUCT_BUNDLE_IDENTIFIER = com.studiotella.JsonAndStoreData;
				PRODUCT_NAME = "$(TARGET_NAME)";
				SWIFT_VERSION = 3.0;
			};
			name = Debug;
		};
		98FDF3CE1F69F614000DADF1 /* Release */ = {
			isa = XCBuildConfiguration;
			baseConfigurationReference = CA91D6141A4076907DB50E69 /* Pods-JsonAndStoreData.release.xcconfig */;
			buildSettings = {
				ASSETCATALOG_COMPILER_APPICON_NAME = AppIcon;
				DEVELOPMENT_TEAM = SE2J8FMNA2;
				INFOPLIST_FILE = JsonAndStoreData/Info.plist;
				LD_RUNPATH_SEARCH_PATHS = "$(inherited) @executable_path/Frameworks";
				PRODUCT_BUNDLE_IDENTIFIER = com.studiotella.JsonAndStoreData;
				PRODUCT_NAME = "$(TARGET_NAME)";
				SWIFT_VERSION = 3.0;
			};
			name = Release;
		};
/* End XCBuildConfiguration section */

/* Begin XCConfigurationList section */
		98FDF3B51F69F614000DADF1 /* Build configuration list for PBXProject "JsonAndStoreData" */ = {
			isa = XCConfigurationList;
			buildConfigurations = (
				98FDF3CA1F69F614000DADF1 /* Debug */,
				98FDF3CB1F69F614000DADF1 /* Release */,
			);
			defaultConfigurationIsVisible = 0;
			defaultConfigurationName = Release;
		};
		98FDF3CC1F69F614000DADF1 /* Build configuration list for PBXNativeTarget "JsonAndStoreData" */ = {
			isa = XCConfigurationList;
			buildConfigurations = (
				98FDF3CD1F69F614000DADF1 /* Debug */,
				98FDF3CE1F69F614000DADF1 /* Release */,
			);
			defaultConfigurationIsVisible = 0;
		};
/* End XCConfigurationList section */
	};
	rootObject = 98FDF3B21F69F614000DADF1 /* Project object */;
}
